// !$*UTF8*$!
{
	archiveVersion = 1;
	classes = {
	};
	objectVersion = 77;
	objects = {

/* Begin PBXBuildFile section */
		AA000001 /* GlassUsageApp.swift in Sources */ = {isa = PBXBuildFile; fileRef = AA100001 /* GlassUsageApp.swift */; };
		AA000002 /* ContentView.swift in Sources */ = {isa = PBXBuildFile; fileRef = AA100002 /* ContentView.swift */; };
		AA000003 /* UsageParser.swift in Sources */ = {isa = PBXBuildFile; fileRef = AA100003 /* UsageParser.swift */; };
		AA000004 /* GlassUsageWidget.swift in Sources */ = {isa = PBXBuildFile; fileRef = AA100004 /* GlassUsageWidget.swift */; };
		AA000005 /* UsageParser.swift in Sources */ = {isa = PBXBuildFile; fileRef = AA100003 /* UsageParser.swift */; };
/* End PBXBuildFile section */

/* Begin PBXFileReference section */
		AA100001 /* GlassUsageApp.swift */ = {isa = PBXFileReference; lastKnownFileType = sourcecode.swift; path = GlassUsageApp.swift; sourceTree = "<group>"; };
		AA100002 /* ContentView.swift */ = {isa = PBXFileReference; lastKnownFileType = sourcecode.swift; path = ContentView.swift; sourceTree = "<group>"; };
		AA100003 /* UsageParser.swift */ = {isa = PBXFileReference; lastKnownFileType = sourcecode.swift; path = UsageParser.swift; sourceTree = "<group>"; };
		AA100004 /* GlassUsageWidget.swift */ = {isa = PBXFileReference; lastKnownFileType = sourcecode.swift; path = GlassUsageWidget.swift; sourceTree = "<group>"; };
		AA200001 /* GlassUsage.app */ = {isa = PBXFileReference; explicitFileType = wrapper.application; includeInIndex = 0; path = GlassUsage.app; sourceTree = BUILT_PRODUCTS_DIR; };
		AA200002 /* GlassUsageWidget.appex */ = {isa = PBXFileReference; explicitFileType = "wrapper.app-extension"; includeInIndex = 0; path = GlassUsageWidget.appex; sourceTree = BUILT_PRODUCTS_DIR; };
/* End PBXFileReference section */

/* Begin PBXGroup section */
		AA300000 /* root */ = {
			isa = PBXGroup;
			children = (
				AA300001 /* GlassUsage */,
				AA300002 /* GlassUsageWidget */,
				AA300003 /* Products */,
			);
			sourceTree = "<group>";
		};
		AA300001 /* GlassUsage */ = {
			isa = PBXGroup;
			children = (
				AA100001 /* GlassUsageApp.swift */,
				AA100002 /* ContentView.swift */,
				AA100003 /* UsageParser.swift */,
			);
			path = GlassUsage;
			sourceTree = "<group>";
		};
		AA300002 /* GlassUsageWidget */ = {
			isa = PBXGroup;
			children = (
				AA100004 /* GlassUsageWidget.swift */,
			);
			path = GlassUsageWidget;
			sourceTree = "<group>";
		};
		AA300003 /* Products */ = {
			isa = PBXGroup;
			children = (
				AA200001 /* GlassUsage.app */,
				AA200002 /* GlassUsageWidget.appex */,
			);
			name = Products;
			sourceTree = "<group>";
		};
/* End PBXGroup section */

/* Begin PBXNativeTarget section */
		AA400001 /* GlassUsage */ = {
			isa = PBXNativeTarget;
			buildConfigurationList = AA600001 /* Build configuration list for PBXNativeTarget "GlassUsage" */;
			buildPhases = (
				AA500001 /* Sources */,
			);
			buildRules = (
			);
			dependencies = (
				AA700001 /* PBXTargetDependency */,
			);
			name = GlassUsage;
			productName = GlassUsage;
			productReference = AA200001 /* GlassUsage.app */;
			productType = "com.apple.product-type.application";
		};
		AA400002 /* GlassUsageWidget */ = {
			isa = PBXNativeTarget;
			buildConfigurationList = AA600002 /* Build configuration list for PBXNativeTarget "GlassUsageWidget" */;
			buildPhases = (
				AA500002 /* Sources */,
			);
			buildRules = (
			);
			dependencies = (
			);
			name = GlassUsageWidget;
			productName = GlassUsageWidget;
			productReference = AA200002 /* GlassUsageWidget.appex */;
			productType = "com.apple.product-type.app-extension";
		};
/* End PBXNativeTarget section */

/* Begin PBXProject section */
		AA000000 /* Project object */ = {
			isa = PBXProject;
			attributes = {
				BuildIndependentTargetsInParallel = 1;
				LastSwiftUpdateCheck = 1600;
				LastUpgradeCheck = 1600;
				TargetAttributes = {
					AA400001 = {
						CreatedOnToolsVersion = 16.0;
					};
					AA400002 = {
						CreatedOnToolsVersion = 16.0;
					};
				};
			};
			buildConfigurationList = AA600000 /* Build configuration list for PBXProject "GlassUsage" */;
			compatibilityVersion = "Xcode 14.0";
			developmentRegion = en;
			hasScannedForEncodings = 0;
			knownRegions = (
				en,
				Base,
			);
			mainGroup = AA300000;
			productRefGroup = AA300003 /* Products */;
			projectDirPath = "";
			projectRoot = "";
			targets = (
				AA400001 /* GlassUsage */,
				AA400002 /* GlassUsageWidget */,
			);
		};
/* End PBXProject section */

/* Begin PBXSourcesBuildPhase section */
		AA500001 /* Sources */ = {
			isa = PBXSourcesBuildPhase;
			buildActionMask = 2147483647;
			files = (
				AA000001 /* GlassUsageApp.swift in Sources */,
				AA000002 /* ContentView.swift in Sources */,
				AA000003 /* UsageParser.swift in Sources */,
			);
			runOnlyForDeploymentPostprocessing = 0;
		};
		AA500002 /* Sources */ = {
			isa = PBXSourcesBuildPhase;
			buildActionMask = 2147483647;
			files = (
				AA000004 /* GlassUsageWidget.swift in Sources */,
				AA000005 /* UsageParser.swift in Sources */,
			);
			runOnlyForDeploymentPostprocessing = 0;
		};
/* End PBXSourcesBuildPhase section */

/* Begin PBXTargetDependency section */
		AA700001 /* PBXTargetDependency */ = {
			isa = PBXTargetDependency;
			target = AA400002 /* GlassUsageWidget */;
		};
/* End PBXTargetDependency section */

/* Begin XCBuildConfiguration section */
		AA800000 /* Debug */ = {
			isa = XCBuildConfiguration;
			buildSettings = {
				ALWAYS_SEARCH_USER_PATHS = NO;
				ASSETCATALOG_COMPILER_GENERATE_SWIFT_ASSET_SYMBOL_EXTENSIONS = YES;
				CLANG_ANALYZER_NONNULL = YES;
				CLANG_ENABLE_MODULES = YES;
				CLANG_ENABLE_OBJC_ARC = YES;
				COPY_PHASE_STRIP = NO;
				DEBUG_INFORMATION_FORMAT = dwarf;
				ENABLE_STRICT_OBJC_MSGSEND = YES;
				ENABLE_TESTABILITY = YES;
				GCC_C_LANGUAGE_STANDARD = gnu17;
				GCC_DYNAMIC_NO_PIC = NO;
				GCC_OPTIMIZATION_LEVEL = 0;
				GCC_PREPROCESSOR_DEFINITIONS = (
					"DEBUG=1",
					"$(inherited)",
				);
				MTL_ENABLE_DEBUG_INFO = INCLUDE_SOURCE;
				MTL_FAST_MATH = YES;
				ONLY_ACTIVE_ARCH = YES;
				SWIFT_ACTIVE_COMPILATION_CONDITIONS = "DEBUG $(inherited)";
				SWIFT_OPTIMIZATION_LEVEL = "-Onone";
			};
			name = Debug;
		};
		AA800001 /* Release */ = {
			isa = XCBuildConfiguration;
			buildSettings = {
				ALWAYS_SEARCH_USER_PATHS = NO;
				ASSETCATALOG_COMPILER_GENERATE_SWIFT_ASSET_SYMBOL_EXTENSIONS = YES;
				CLANG_ANALYZER_NONNULL = YES;
				CLANG_ENABLE_MODULES = YES;
				CLANG_ENABLE_OBJC_ARC = YES;
				COPY_PHASE_STRIP = NO;
				DEBUG_INFORMATION_FORMAT = "dwarf-with-dsym";
				ENABLE_NS_ASSERTIONS = NO;
				ENABLE_STRICT_OBJC_MSGSEND = YES;
				GCC_C_LANGUAGE_STANDARD = gnu17;
				MTL_FAST_MATH = YES;
				SWIFT_COMPILATION_MODE = wholemodule;
				SWIFT_OPTIMIZATION_LEVEL = "-O";
			};
			name = Release;
		};
		AA800002 /* Debug - App */ = {
			isa = XCBuildConfiguration;
			buildSettings = {
				ASSETCATALOG_COMPILER_APPICON_NAME = AppIcon;
				ASSETCATALOG_COMPILER_GLOBAL_ACCENT_COLOR_NAME = AccentColor;
				BUNDLE_IDENTIFIER_PREFIX = com.jameslopez;
				CODE_SIGN_STYLE = Automatic;
				CURRENT_PROJECT_VERSION = 1;
				DEVELOPMENT_TEAM = "";
				ENABLE_HARDENED_RUNTIME = YES;
				GENERATE_INFOPLIST_FILE = YES;
				INFOPLIST_KEY_NSHumanReadableCopyright = "";
				MARKETING_VERSION = 1.0;
				MACOSX_DEPLOYMENT_TARGET = 14.0;
				PRODUCT_BUNDLE_IDENTIFIER = com.jameslopez.GlassUsage;
				PRODUCT_NAME = "$(TARGET_NAME)";
				SDKROOT = macosx;
				SWIFT_EMIT_LOC_STRINGS = YES;
				SWIFT_VERSION = 6.0;
			};
			name = Debug;
		};
		AA800003 /* Release - App */ = {
			isa = XCBuildConfiguration;
			buildSettings = {
				ASSETCATALOG_COMPILER_APPICON_NAME = AppIcon;
				ASSETCATALOG_COMPILER_GLOBAL_ACCENT_COLOR_NAME = AccentColor;
				BUNDLE_IDENTIFIER_PREFIX = com.jameslopez;
				CODE_SIGN_STYLE = Automatic;
				CURRENT_PROJECT_VERSION = 1;
				DEVELOPMENT_TEAM = "";
				ENABLE_HARDENED_RUNTIME = YES;
				GENERATE_INFOPLIST_FILE = YES;
				INFOPLIST_KEY_NSHumanReadableCopyright = "";
				MARKETING_VERSION = 1.0;
				MACOSX_DEPLOYMENT_TARGET = 14.0;
				PRODUCT_BUNDLE_IDENTIFIER = com.jameslopez.GlassUsage;
				PRODUCT_NAME = "$(TARGET_NAME)";
				SDKROOT = macosx;
				SWIFT_EMIT_LOC_STRINGS = YES;
				SWIFT_VERSION = 6.0;
			};
			name = Release;
		};
		AA800004 /* Debug - Widget */ = {
			isa = XCBuildConfiguration;
			buildSettings = {
				CODE_SIGN_STYLE = Automatic;
				CURRENT_PROJECT_VERSION = 1;
				DEVELOPMENT_TEAM = "";
				GENERATE_INFOPLIST_FILE = YES;
				INFOPLIST_KEY_CFBundleDisplayName = GlassUsageWidget;
				INFOPLIST_KEY_NSHumanReadableCopyright = "";
				MACOSX_DEPLOYMENT_TARGET = 14.0;
				MARKETING_VERSION = 1.0;
				PRODUCT_BUNDLE_IDENTIFIER = com.jameslopez.GlassUsage.widget;
				PRODUCT_NAME = "$(TARGET_NAME)";
				SDKROOT = macosx;
				SKIP_INSTALL = YES;
				SWIFT_EMIT_LOC_STRINGS = YES;
				SWIFT_VERSION = 6.0;
			};
			name = Debug;
		};
		AA800005 /* Release - Widget */ = {
			isa = XCBuildConfiguration;
			buildSettings = {
				CODE_SIGN_STYLE = Automatic;
				CURRENT_PROJECT_VERSION = 1;
				DEVELOPMENT_TEAM = "";
				GENERATE_INFOPLIST_FILE = YES;
				INFOPLIST_KEY_CFBundleDisplayName = GlassUsageWidget;
				INFOPLIST_KEY_NSHumanReadableCopyright = "";
				MACOSX_DEPLOYMENT_TARGET = 14.0;
				MARKETING_VERSION = 1.0;
				PRODUCT_BUNDLE_IDENTIFIER = com.jameslopez.GlassUsage.widget;
				PRODUCT_NAME = "$(TARGET_NAME)";
				SDKROOT = macosx;
				SKIP_INSTALL = YES;
				SWIFT_EMIT_LOC_STRINGS = YES;
				SWIFT_VERSION = 6.0;
			};
			name = Release;
		};
/* End XCBuildConfiguration section */

/* Begin XCConfigurationList section */
		AA600000 /* Build configuration list for PBXProject "GlassUsage" */ = {
			isa = XCConfigurationList;
			buildConfigurations = (
				AA800000 /* Debug */,
				AA800001 /* Release */,
			);
			defaultConfigurationIsVisible = 0;
			defaultConfigurationName = Release;
		};
		AA600001 /* Build configuration list for PBXNativeTarget "GlassUsage" */ = {
			isa = XCConfigurationList;
			buildConfigurations = (
				AA800002 /* Debug */,
				AA800003 /* Release */,
			);
			defaultConfigurationIsVisible = 0;
			defaultConfigurationName = Release;
		};
		AA600002 /* Build configuration list for PBXNativeTarget "GlassUsageWidget" */ = {
			isa = XCConfigurationList;
			buildConfigurations = (
				AA800004 /* Debug */,
				AA800005 /* Release */,
			);
			defaultConfigurationIsVisible = 0;
			defaultConfigurationName = Release;
		};
/* End XCConfigurationList section */

	};
	rootObject = AA000000 /* Project object */;
}
